// !$*UTF8*$!
{
	archiveVersion = 1;
	classes = {
	};
	objectVersion = 46;
	objects = {

/* Begin PBXBuildFile section */
		2A081C301A9762CD009C8F5E /* AppDelegate.swift in Sources */ = {isa = PBXBuildFile; fileRef = 2A081C2F1A9762CD009C8F5E /* AppDelegate.swift */; };
		2A081C321A9762CD009C8F5E /* ViewController.swift in Sources */ = {isa = PBXBuildFile; fileRef = 2A081C311A9762CD009C8F5E /* ViewController.swift */; };
		2A081C351A9762CD009C8F5E /* Main.storyboard in Resources */ = {isa = PBXBuildFile; fileRef = 2A081C331A9762CD009C8F5E /* Main.storyboard */; };
		2A081C371A9762CD009C8F5E /* Images.xcassets in Resources */ = {isa = PBXBuildFile; fileRef = 2A081C361A9762CD009C8F5E /* Images.xcassets */; };
		2A081C3A1A9762CD009C8F5E /* LaunchScreen.xib in Resources */ = {isa = PBXBuildFile; fileRef = 2A081C381A9762CD009C8F5E /* LaunchScreen.xib */; };
		CAF8862022A6BD39007EDF3C /* default.png in Resources */ = {isa = PBXBuildFile; fileRef = CAF8861F22A6BD39007EDF3C /* default.png */; };
/* End PBXBuildFile section */

/* Begin PBXFileReference section */
		2A081C2A1A9762CD009C8F5E /* Clock.app */ = {isa = PBXFileReference; explicitFileType = wrapper.application; includeInIndex = 0; path = Clock.app; sourceTree = BUILT_PRODUCTS_DIR; };
		2A081C2E1A9762CD009C8F5E /* Info.plist */ = {isa = PBXFileReference; lastKnownFileType = text.plist.xml; path = Info.plist; sourceTree = "<group>"; };
		2A081C2F1A9762CD009C8F5E /* AppDelegate.swift */ = {isa = PBXFileReference; lastKnownFileType = sourcecode.swift; path = AppDelegate.swift; sourceTree = "<group>"; };
		2A081C311A9762CD009C8F5E /* ViewController.swift */ = {isa = PBXFileReference; lastKnownFileType = sourcecode.swift; path = ViewController.swift; sourceTree = "<group>"; };
		2A081C341A9762CD009C8F5E /* Base */ = {isa = PBXFileReference; lastKnownFileType = file.storyboard; name = Base; path = Base.lproj/Main.storyboard; sourceTree = "<group>"; };
		2A081C361A9762CD009C8F5E /* Images.xcassets */ = {isa = PBXFileReference; lastKnownFileType = folder.assetcatalog; path = Images.xcassets; sourceTree = "<group>"; };
		2A081C391A9762CD009C8F5E /* Base */ = {isa = PBXFileReference; lastKnownFileType = file.xib; name = Base; path = Base.lproj/LaunchScreen.xib; sourceTree = "<group>"; };
		CAF8861F22A6BD39007EDF3C /* default.png */ = {isa = PBXFileReference; lastKnownFileType = image.png; path = default.png; sourceTree = "<group>"; };
/* End PBXFileReference section */

/* Begin PBXFrameworksBuildPhase section */
		2A081C271A9762CD009C8F5E /* Frameworks */ = {
			isa = PBXFrameworksBuildPhase;
			buildActionMask = 2147483647;
			files = (
			);
			runOnlyForDeploymentPostprocessing = 0;
		};
/* End PBXFrameworksBuildPhase section */

/* Begin PBXGroup section */
		2A081C211A9762CD009C8F5E = {
			isa = PBXGroup;
			children = (
				2A081C2C1A9762CD009C8F5E /* Clock */,
				2A081C2B1A9762CD009C8F5E /* Products */,
			);
			sourceTree = "<group>";
		};
		2A081C2B1A9762CD009C8F5E /* Products */ = {
			isa = PBXGroup;
			children = (
				2A081C2A1A9762CD009C8F5E /* Clock.app */,
			);
			name = Products;
			sourceTree = "<group>";
		};
		2A081C2C1A9762CD009C8F5E /* Clock */ = {
			isa = PBXGroup;
			children = (
				2A3B9F611A97630600C6B0FE /* images */,
				2A081C2F1A9762CD009C8F5E /* AppDelegate.swift */,
				2A081C311A9762CD009C8F5E /* ViewController.swift */,
				2A081C331A9762CD009C8F5E /* Main.storyboard */,
				2A081C361A9762CD009C8F5E /* Images.xcassets */,
				2A081C381A9762CD009C8F5E /* LaunchScreen.xib */,
				2A081C2D1A9762CD009C8F5E /* Supporting Files */,
			);
			path = Clock;
			sourceTree = "<group>";
		};
		2A081C2D1A9762CD009C8F5E /* Supporting Files */ = {
			isa = PBXGroup;
			children = (
				2A081C2E1A9762CD009C8F5E /* Info.plist */,
			);
			name = "Supporting Files";
			sourceTree = "<group>";
		};
		2A3B9F611A97630600C6B0FE /* images */ = {
			isa = PBXGroup;
			children = (
				CAF8861F22A6BD39007EDF3C /* default.png */,
			);
			path = images;
			sourceTree = "<group>";
		};
/* End PBXGroup section */

/* Begin PBXNativeTarget section */
		2A081C291A9762CD009C8F5E /* Clock */ = {
			isa = PBXNativeTarget;
			buildConfigurationList = 2A081C491A9762CD009C8F5E /* Build configuration list for PBXNativeTarget "Clock" */;
			buildPhases = (
				2A081C261A9762CD009C8F5E /* Sources */,
				2A081C271A9762CD009C8F5E /* Frameworks */,
				2A081C281A9762CD009C8F5E /* Resources */,
			);
			buildRules = (
			);
			dependencies = (
			);
			name = Clock;
			productName = Clock;
			productReference = 2A081C2A1A9762CD009C8F5E /* Clock.app */;
			productType = "com.apple.product-type.application";
		};
/* End PBXNativeTarget section */

/* Begin PBXProject section */
		2A081C221A9762CD009C8F5E /* Project object */ = {
			isa = PBXProject;
			attributes = {
				LastSwiftMigration = 0730;
				LastSwiftUpdateCheck = 0730;
				LastUpgradeCheck = 1130;
				ORGANIZATIONNAME = "Ryo Eguchi";
				TargetAttributes = {
					2A081C291A9762CD009C8F5E = {
						CreatedOnToolsVersion = 6.1.1;
						LastSwiftMigration = 1130;
					};
				};
			};
			buildConfigurationList = 2A081C251A9762CD009C8F5E /* Build configuration list for PBXProject "Clock" */;
			compatibilityVersion = "Xcode 3.2";
			developmentRegion = en;
			hasScannedForEncodings = 0;
			knownRegions = (
				en,
				Base,
			);
			mainGroup = 2A081C211A9762CD009C8F5E;
			productRefGroup = 2A081C2B1A9762CD009C8F5E /* Products */;
			projectDirPath = "";
			projectRoot = "";
			targets = (
				2A081C291A9762CD009C8F5E /* Clock */,
			);
		};
/* End PBXProject section */

/* Begin PBXResourcesBuildPhase section */
		2A081C281A9762CD009C8F5E /* Resources */ = {
			isa = PBXResourcesBuildPhase;
			buildActionMask = 2147483647;
			files = (
				2A081C351A9762CD009C8F5E /* Main.storyboard in Resources */,
				2A081C3A1A9762CD009C8F5E /* LaunchScreen.xib in Resources */,
				2A081C371A9762CD009C8F5E /* Images.xcassets in Resources */,
				CAF8862022A6BD39007EDF3C /* default.png in Resources */,
			);
			runOnlyForDeploymentPostprocessing = 0;
		};
/* End PBXResourcesBuildPhase section */

/* Begin PBXSourcesBuildPhase section */
		2A081C261A9762CD009C8F5E /* Sources */ = {
			isa = PBXSourcesBuildPhase;
			buildActionMask = 2147483647;
			files = (
				2A081C321A9762CD009C8F5E /* ViewController.swift in Sources */,
				2A081C301A9762CD009C8F5E /* AppDelegate.swift in Sources */,
			);
			runOnlyForDeploymentPostprocessing = 0;
		};
/* End PBXSourcesBuildPhase section */

/* Begin PBXVariantGroup section */
		2A081C331A9762CD009C8F5E /* Main.storyboard */ = {
			isa = PBXVariantGroup;
			children = (
				2A081C341A9762CD009C8F5E /* Base */,
			);
			name = Main.storyboard;
			sourceTree = "<group>";
		};
		2A081C381A9762CD009C8F5E /* LaunchScreen.xib */ = {
			isa = PBXVariantGroup;
			children = (
				2A081C391A9762CD009C8F5E /* Base */,
			);
			name = LaunchScreen.xib;
			sourceTree = "<group>";
		};
/* End PBXVariantGroup section */

/* Begin XCBuildConfiguration section */
		2A081C471A9762CD009C8F5E /* Debug */ = {
			isa = XCBuildConfiguration;
			buildSettings = {
				ALWAYS_SEARCH_USER_PATHS = NO;
				CLANG_ANALYZER_LOCALIZABILITY_NONLOCALIZED = YES;
				CLANG_CXX_LANGUAGE_STANDARD = "gnu++0x";
				CLANG_CXX_LIBRARY = "libc++";
				CLANG_ENABLE_MODULES = YES;
				CLANG_ENABLE_OBJC_ARC = YES;
				CLANG_WARN_BLOCK_CAPTURE_AUTORELEASING = YES;
				CLANG_WARN_BOOL_CONVERSION = YES;
				CLANG_WARN_COMMA = YES;
				CLANG_WARN_CONSTANT_CONVERSION = YES;
				CLANG_WARN_DEPRECATED_OBJC_IMPLEMENTATIONS = YES;
				CLANG_WARN_DIRECT_OBJC_ISA_USAGE = YES_ERROR;
				CLANG_WARN_EMPTY_BODY = YES;
				CLANG_WARN_ENUM_CONVERSION = YES;
				CLANG_WARN_INFINITE_RECURSION = YES;
				CLANG_WARN_INT_CONVERSION = YES;
				CLANG_WARN_NON_LITERAL_NULL_CONVERSION = YES;
				CLANG_WARN_OBJC_IMPLICIT_RETAIN_SELF = YES;
				CLANG_WARN_OBJC_LITERAL_CONVERSION = YES;
				CLANG_WARN_OBJC_ROOT_CLASS = YES_ERROR;
				CLANG_WARN_RANGE_LOOP_ANALYSIS = YES;
				CLANG_WARN_STRICT_PROTOTYPES = YES;
				CLANG_WARN_SUSPICIOUS_MOVE = YES;
				CLANG_WARN_UNREACHABLE_CODE = YES;
				CLANG_WARN__DUPLICATE_METHOD_MATCH = YES;
				"CODE_SIGN_IDENTITY[sdk=iphoneos*]" = "iPhone Developer";
				COPY_PHASE_STRIP = NO;
				ENABLE_STRICT_OBJC_MSGSEND = YES;
				ENABLE_TESTABILITY = YES;
				GCC_C_LANGUAGE_STANDARD = gnu99;
				GCC_DYNAMIC_NO_PIC = NO;
				GCC_NO_COMMON_BLOCKS = YES;
				GCC_OPTIMIZATION_LEVEL = 0;
				GCC_PREPROCESSOR_DEFINITIONS = (
					"DEBUG=1",
					"$(inherited)",
				);
				GCC_SYMBOLS_PRIVATE_EXTERN = NO;
				GCC_WARN_64_TO_32_BIT_CONVERSION = YES;
				GCC_WARN_ABOUT_RETURN_TYPE = YES_ERROR;
				GCC_WARN_UNDECLARED_SELECTOR = YES;
				GCC_WARN_UNINITIALIZED_AUTOS = YES_AGGRESSIVE;
				GCC_WARN_UNUSED_FUNCTION = YES;
				GCC_WARN_UNUSED_VARIABLE = YES;
				IPHONEOS_DEPLOYMENT_TARGET = 10.3;
				MTL_ENABLE_DEBUG_INFO = YES;
				ONLY_ACTIVE_ARCH = YES;
				SDKROOT = iphoneos;
				SWIFT_OPTIMIZATION_LEVEL = "-Onone";
			};
			name = Debug;
		};
		2A081C481A9762CD009C8F5E /* Release */ = {
			isa = XCBuildConfiguration;
			buildSettings = {
				ALWAYS_SEARCH_USER_PATHS = NO;
				CLANG_ANALYZER_LOCALIZABILITY_NONLOCALIZED = YES;
				CLANG_CXX_LANGUAGE_STANDARD = "gnu++0x";
				CLANG_CXX_LIBRARY = "libc++";
				CLANG_ENABLE_MODULES = YES;
				CLANG_ENABLE_OBJC_ARC = YES;
				CLANG_WARN_BLOCK_CAPTURE_AUTORELEASING = YES;
				CLANG_WARN_BOOL_CONVERSION = YES;
				CLANG_WARN_COMMA = YES;
				CLANG_WARN_CONSTANT_CONVERSION = YES;
				CLANG_WARN_DEPRECATED_OBJC_IMPLEMENTATIONS = YES;
				CLANG_WARN_DIRECT_OBJC_ISA_USAGE = YES_ERROR;
				CLANG_WARN_EMPTY_BODY = YES;
				CLANG_WARN_ENUM_CONVERSION = YES;
				CLANG_WARN_INFINITE_RECURSION = YES;
				CLANG_WARN_INT_CONVERSION = YES;
				CLANG_WARN_NON_LITERAL_NULL_CONVERSION = YES;
				CLANG_WARN_OBJC_IMPLICIT_RETAIN_SELF = YES;
				CLANG_WARN_OBJC_LITERAL_CONVERSION = YES;
				CLANG_WARN_OBJC_ROOT_CLASS = YES_ERROR;
				CLANG_WARN_RANGE_LOOP_ANALYSIS = YES;
				CLANG_WARN_STRICT_PROTOTYPES = YES;
				CLANG_WARN_SUSPICIOUS_MOVE = YES;
				CLANG_WARN_UNREACHABLE_CODE = YES;
				CLANG_WARN__DUPLICATE_METHOD_MATCH = YES;
				"CODE_SIGN_IDENTITY[sdk=iphoneos*]" = "iPhone Developer";
				COPY_PHASE_STRIP = YES;
				ENABLE_NS_ASSERTIONS = NO;
				ENABLE_STRICT_OBJC_MSGSEND = YES;
				GCC_C_LANGUAGE_STANDARD = gnu99;
				GCC_NO_COMMON_BLOCKS = YES;
				GCC_WARN_64_TO_32_BIT_CONVERSION = YES;
				GCC_WARN_ABOUT_RETURN_TYPE = YES_ERROR;
				GCC_WARN_UNDECLARED_SELECTOR = YES;
				GCC_WARN_UNINITIALIZED_AUTOS = YES_AGGRESSIVE;
				GCC_WARN_UNUSED_FUNCTION = YES;
				GCC_WARN_UNUSED_VARIABLE = YES;
				IPHONEOS_DEPLOYMENT_TARGET = 10.3;
				MTL_ENABLE_DEBUG_INFO = NO;
				SDKROOT = iphoneos;
				SWIFT_OPTIMIZATION_LEVEL = "-Owholemodule";
				VALIDATE_PRODUCT = YES;
			};
			name = Release;
		};
		2A081C4A1A9762CD009C8F5E /* Debug */ = {
			isa = XCBuildConfiguration;
			buildSettings = {
				ASSETCATALOG_COMPILER_APPICON_NAME = AppIcon;
				INFOPLIST_FILE = Clock/Info.plist;
				IPHONEOS_DEPLOYMENT_TARGET = 10.0;
				LD_RUNPATH_SEARCH_PATHS = "$(inherited) @executable_path/Frameworks";
				PRODUCT_BUNDLE_IDENTIFIER = "com.litech.$(PRODUCT_NAME:rfc1034identifier)";
				PRODUCT_NAME = "$(TARGET_NAME)";
				SWIFT_VERSION = 5.0;
			};
			name = Debug;
		};
		2A081C4B1A9762CD009C8F5E /* Release */ = {
			isa = XCBuildConfiguration;
			buildSettings = {
				ASSETCATALOG_COMPILER_APPICON_NAME = AppIcon;
				INFOPLIST_FILE = Clock/Info.plist;
				IPHONEOS_DEPLOYMENT_TARGET = 10.0;
				LD_RUNPATH_SEARCH_PATHS = "$(inherited) @executable_path/Frameworks";
				PRODUCT_BUNDLE_IDENTIFIER = "com.litech.$(PRODUCT_NAME:rfc1034identifier)";
				PRODUCT_NAME = "$(TARGET_NAME)";
				SWIFT_VERSION = 5.0;
			};
			name = Release;
		};
/* End XCBuildConfiguration section */

/* Begin XCConfigurationList section */
		2A081C251A9762CD009C8F5E /* Build configuration list for PBXProject "Clock" */ = {
			isa = XCConfigurationList;
			buildConfigurations = (
				2A081C471A9762CD009C8F5E /* Debug */,
				2A081C481A9762CD009C8F5E /* Release */,
			);
			defaultConfigurationIsVisible = 0;
			defaultConfigurationName = Release;
		};
		2A081C491A9762CD009C8F5E /* Build configuration list for PBXNativeTarget "Clock" */ = {
			isa = XCConfigurationList;
			buildConfigurations = (
				2A081C4A1A9762CD009C8F5E /* Debug */,
				2A081C4B1A9762CD009C8F5E /* Release */,
			);
			defaultConfigurationIsVisible = 0;
			defaultConfigurationName = Release;
		};
/* End XCConfigurationList section */
	};
	rootObject = 2A081C221A9762CD009C8F5E /* Project object */;
}
